github.com/dsp-testing/jake-golib v1.0.7 h1:nddf4afAh84x2Iajo1iH8wrVB8EB+DP2dQkb5GijuV8=
github.com/dsp-testing/jake-golib v1.0.7/go.mod h1:2WuOFZ1DjMR9mXTgoKWoDq/y+6kjAHhU+7tj1/HApyA=
golang.org/x/text v0.21.0 h1:zyQAAkrwaneQ066sspRyJaG9VNi/YJ1NfzcGB3hZ/qo=
golang.org/x/text v0.21.0/go.mod h1:4IBbMaMmOPCJ8SecivzSH54+73PCFmPWxNTLm+vZkEQ=
